
Microsoft Visual Studio Solution File, Format Version 12.00
# Visual Studio Version 17
VisualStudioVersion = 17.2.32630.192
MinimumVisualStudioVersion = 10.0.40219.1
Project("{FAE04EC0-301F-11D3-BF4B-00C04F79EFBC}") = "Blog", "Blog.csproj", "{06AAE2BF-AAFB-4C78-B3DA-26D5E9123CFC}"
EndProject
Global
	GlobalSection(SolutionConfigurationPlatforms) = preSolution
		Debug|Any CPU = Debug|Any CPU
		Release|Any CPU = Release|Any CPU
	EndGlobalSection
	GlobalSection(ProjectConfigurationPlatforms) = postSolution
		{06AAE2BF-AAFB-4C78-B3DA-26D5E9123CFC}.Debug|Any CPU.ActiveCfg = Debug|Any CPU
		{06AAE2BF-AAFB-4C78-B3DA-26D5E9123CFC}.Debug|Any CPU.Build.0 = Debug|Any CPU
		{06AAE2BF-AAFB-4C78-B3DA-26D5E9123CFC}.Release|Any CPU.ActiveCfg = Release|Any CPU
		{06AAE2BF-AAFB-4C78-B3DA-26D5E9123CFC}.Release|Any CPU.Build.0 = Release|Any CPU
	EndGlobalSection
	GlobalSection(SolutionProperties) = preSolution
		HideSolutionNode = FALSE
	EndGlobalSection
	GlobalSection(ExtensibilityGlobals) = postSolution
		SolutionGuid = {08924CA4-93A4-4816-AFF6-F967FDF66EC8}
	EndGlobalSection
EndGlobal
